
Microsoft Visual Studio Solution File, Format Version 12.00
# Visual Studio Version 16
VisualStudioVersion = 16.0.32929.386
MinimumVisualStudioVersion = 10.0.40219.1
Project("{2150E333-8FDC-42A3-9474-1A3956D46DE8}") = "Unit17.1", "Unit17.1", "{4AF84878-1A92-4F0F-ACCE-31A039894ACD}"
EndProject
Project("{FAE04EC0-301F-11D3-BF4B-00C04F79EFBC}") = "Unit17.1.5", "Unit17.1.5\Unit17.1.5.csproj", "{ABC22B59-CC13-48D0-8855-90BD7A8F463E}"
EndProject
Project("{2150E333-8FDC-42A3-9474-1A3956D46DE8}") = "Unit17.2", "Unit17.2", "{4DBA5EC8-4F99-4A18-96C8-CA9A7FE9E77C}"
EndProject
Project("{FAE04EC0-301F-11D3-BF4B-00C04F79EFBC}") = "SingletonRealExample", "SingletonRealExample\SingletonRealExample.csproj", "{F99014F0-ED5F-409A-8D6E-7835A3F37C1D}"
EndProject
Project("{FAE04EC0-301F-11D3-BF4B-00C04F79EFBC}") = "AbstractFactory", "AbstractFactory\AbstractFactory.csproj", "{BF1E50F8-E19D-43C5-BA81-1D16281BB12E}"
EndProject
Project("{FAE04EC0-301F-11D3-BF4B-00C04F79EFBC}") = "AbstractFactoryRealExample", "AbstractFactoryRealExample\AbstractFactoryRealExample.csproj", "{D40057C3-F1DF-4AF9-8822-CBD086BB9C2F}"
EndProject
Project("{FAE04EC0-301F-11D3-BF4B-00C04F79EFBC}") = "FactoryMethodExample", "FactoryMethodExample\FactoryMethodExample.csproj", "{16765E2A-BF53-461B-ABE4-34CA3C453F3A}"
EndProject
Project("{FAE04EC0-301F-11D3-BF4B-00C04F79EFBC}") = "FactoryMethodRealExample", "FactoryMethodRealExample\FactoryMethodRealExample.csproj", "{CF3073C3-114C-4160-8BED-0DA3DFC9A4ED}"
EndProject
Project("{2150E333-8FDC-42A3-9474-1A3956D46DE8}") = "Unit17.3", "Unit17.3", "{5E9F9AE6-3A16-40A5-BFFA-247B94C5FBE1}"
EndProject
Project("{FAE04EC0-301F-11D3-BF4B-00C04F79EFBC}") = "AdapterExample", "AdapterExample\AdapterExample.csproj", "{94A23010-8A40-4F5B-B14C-65DF6ABDC71E}"
EndProject
Project("{FAE04EC0-301F-11D3-BF4B-00C04F79EFBC}") = "AdapterRealExample", "AdapterRealExample\AdapterRealExample.csproj", "{72B2D76E-B91A-4DE4-8A9D-8AF68E8E7F45}"
EndProject
Project("{FAE04EC0-301F-11D3-BF4B-00C04F79EFBC}") = "CompositeExample", "CompositeExample\CompositeExample.csproj", "{2B9FD47E-69A1-4D9F-81F6-F41C06741521}"
EndProject
Project("{FAE04EC0-301F-11D3-BF4B-00C04F79EFBC}") = "FacadeRealExample", "FacadeRealExample\FacadeRealExample.csproj", "{E24943AA-1367-4942-B270-99ABC0AACBF9}"
EndProject
Global
	GlobalSection(SolutionConfigurationPlatforms) = preSolution
		Debug|Any CPU = Debug|Any CPU
		Release|Any CPU = Release|Any CPU
	EndGlobalSection
	GlobalSection(ProjectConfigurationPlatforms) = postSolution
		{ABC22B59-CC13-48D0-8855-90BD7A8F463E}.Debug|Any CPU.ActiveCfg = Debug|Any CPU
		{ABC22B59-CC13-48D0-8855-90BD7A8F463E}.Debug|Any CPU.Build.0 = Debug|Any CPU
		{ABC22B59-CC13-48D0-8855-90BD7A8F463E}.Release|Any CPU.ActiveCfg = Release|Any CPU
		{ABC22B59-CC13-48D0-8855-90BD7A8F463E}.Release|Any CPU.Build.0 = Release|Any CPU
		{F99014F0-ED5F-409A-8D6E-7835A3F37C1D}.Debug|Any CPU.ActiveCfg = Debug|Any CPU
		{F99014F0-ED5F-409A-8D6E-7835A3F37C1D}.Debug|Any CPU.Build.0 = Debug|Any CPU
		{F99014F0-ED5F-409A-8D6E-7835A3F37C1D}.Release|Any CPU.ActiveCfg = Release|Any CPU
		{F99014F0-ED5F-409A-8D6E-7835A3F37C1D}.Release|Any CPU.Build.0 = Release|Any CPU
		{BF1E50F8-E19D-43C5-BA81-1D16281BB12E}.Debug|Any CPU.ActiveCfg = Debug|Any CPU
		{BF1E50F8-E19D-43C5-BA81-1D16281BB12E}.Debug|Any CPU.Build.0 = Debug|Any CPU
		{BF1E50F8-E19D-43C5-BA81-1D16281BB12E}.Release|Any CPU.ActiveCfg = Release|Any CPU
		{BF1E50F8-E19D-43C5-BA81-1D16281BB12E}.Release|Any CPU.Build.0 = Release|Any CPU
		{D40057C3-F1DF-4AF9-8822-CBD086BB9C2F}.Debug|Any CPU.ActiveCfg = Debug|Any CPU
		{D40057C3-F1DF-4AF9-8822-CBD086BB9C2F}.Debug|Any CPU.Build.0 = Debug|Any CPU
		{D40057C3-F1DF-4AF9-8822-CBD086BB9C2F}.Release|Any CPU.ActiveCfg = Release|Any CPU
		{D40057C3-F1DF-4AF9-8822-CBD086BB9C2F}.Release|Any CPU.Build.0 = Release|Any CPU
		{16765E2A-BF53-461B-ABE4-34CA3C453F3A}.Debug|Any CPU.ActiveCfg = Debug|Any CPU
		{16765E2A-BF53-461B-ABE4-34CA3C453F3A}.Debug|Any CPU.Build.0 = Debug|Any CPU
		{16765E2A-BF53-461B-ABE4-34CA3C453F3A}.Release|Any CPU.ActiveCfg = Release|Any CPU
		{16765E2A-BF53-461B-ABE4-34CA3C453F3A}.Release|Any CPU.Build.0 = Release|Any CPU
		{CF3073C3-114C-4160-8BED-0DA3DFC9A4ED}.Debug|Any CPU.ActiveCfg = Debug|Any CPU
		{CF3073C3-114C-4160-8BED-0DA3DFC9A4ED}.Debug|Any CPU.Build.0 = Debug|Any CPU
		{CF3073C3-114C-4160-8BED-0DA3DFC9A4ED}.Release|Any CPU.ActiveCfg = Release|Any CPU
		{CF3073C3-114C-4160-8BED-0DA3DFC9A4ED}.Release|Any CPU.Build.0 = Release|Any CPU
		{94A23010-8A40-4F5B-B14C-65DF6ABDC71E}.Debug|Any CPU.ActiveCfg = Debug|Any CPU
		{94A23010-8A40-4F5B-B14C-65DF6ABDC71E}.Debug|Any CPU.Build.0 = Debug|Any CPU
		{94A23010-8A40-4F5B-B14C-65DF6ABDC71E}.Release|Any CPU.ActiveCfg = Release|Any CPU
		{94A23010-8A40-4F5B-B14C-65DF6ABDC71E}.Release|Any CPU.Build.0 = Release|Any CPU
		{72B2D76E-B91A-4DE4-8A9D-8AF68E8E7F45}.Debug|Any CPU.ActiveCfg = Debug|Any CPU
		{72B2D76E-B91A-4DE4-8A9D-8AF68E8E7F45}.Debug|Any CPU.Build.0 = Debug|Any CPU
		{72B2D76E-B91A-4DE4-8A9D-8AF68E8E7F45}.Release|Any CPU.ActiveCfg = Release|Any CPU
		{72B2D76E-B91A-4DE4-8A9D-8AF68E8E7F45}.Release|Any CPU.Build.0 = Release|Any CPU
		{2B9FD47E-69A1-4D9F-81F6-F41C06741521}.Debug|Any CPU.ActiveCfg = Debug|Any CPU
		{2B9FD47E-69A1-4D9F-81F6-F41C06741521}.Debug|Any CPU.Build.0 = Debug|Any CPU
		{2B9FD47E-69A1-4D9F-81F6-F41C06741521}.Release|Any CPU.ActiveCfg = Release|Any CPU
		{2B9FD47E-69A1-4D9F-81F6-F41C06741521}.Release|Any CPU.Build.0 = Release|Any CPU
		{E24943AA-1367-4942-B270-99ABC0AACBF9}.Debug|Any CPU.ActiveCfg = Debug|Any CPU
		{E24943AA-1367-4942-B270-99ABC0AACBF9}.Debug|Any CPU.Build.0 = Debug|Any CPU
		{E24943AA-1367-4942-B270-99ABC0AACBF9}.Release|Any CPU.ActiveCfg = Release|Any CPU
		{E24943AA-1367-4942-B270-99ABC0AACBF9}.Release|Any CPU.Build.0 = Release|Any CPU
	EndGlobalSection
	GlobalSection(SolutionProperties) = preSolution
		HideSolutionNode = FALSE
	EndGlobalSection
	GlobalSection(NestedProjects) = preSolution
		{ABC22B59-CC13-48D0-8855-90BD7A8F463E} = {4AF84878-1A92-4F0F-ACCE-31A039894ACD}
		{F99014F0-ED5F-409A-8D6E-7835A3F37C1D} = {4DBA5EC8-4F99-4A18-96C8-CA9A7FE9E77C}
		{BF1E50F8-E19D-43C5-BA81-1D16281BB12E} = {4DBA5EC8-4F99-4A18-96C8-CA9A7FE9E77C}
		{D40057C3-F1DF-4AF9-8822-CBD086BB9C2F} = {4DBA5EC8-4F99-4A18-96C8-CA9A7FE9E77C}
		{16765E2A-BF53-461B-ABE4-34CA3C453F3A} = {4DBA5EC8-4F99-4A18-96C8-CA9A7FE9E77C}
		{CF3073C3-114C-4160-8BED-0DA3DFC9A4ED} = {4DBA5EC8-4F99-4A18-96C8-CA9A7FE9E77C}
		{94A23010-8A40-4F5B-B14C-65DF6ABDC71E} = {5E9F9AE6-3A16-40A5-BFFA-247B94C5FBE1}
		{72B2D76E-B91A-4DE4-8A9D-8AF68E8E7F45} = {5E9F9AE6-3A16-40A5-BFFA-247B94C5FBE1}
		{2B9FD47E-69A1-4D9F-81F6-F41C06741521} = {5E9F9AE6-3A16-40A5-BFFA-247B94C5FBE1}
		{E24943AA-1367-4942-B270-99ABC0AACBF9} = {5E9F9AE6-3A16-40A5-BFFA-247B94C5FBE1}
	EndGlobalSection
	GlobalSection(ExtensibilityGlobals) = postSolution
		SolutionGuid = {A9C057BF-5BD7-4AA3-8C1B-09672E32952A}
	EndGlobalSection
EndGlobal
